# THIS IS AN AUTOGENERATED FILE. DO NOT EDIT THIS FILE DIRECTLY.
# yarn lockfile v1


"@protobufjs/aspromise@^1.1.1", "@protobufjs/aspromise@^1.1.2":
  version "1.1.2"
  resolved "https://registry.yarnpkg.com/@protobufjs/aspromise/-/aspromise-1.1.2.tgz#9b8b0cc663d669a7d8f6f5d0893a14d348f30fbf"
  integrity sha1-m4sMxmPWaafY9vXQiToU00jzD78=

"@protobufjs/base64@^1.1.2":
  version "1.1.2"
  resolved "https://registry.yarnpkg.com/@protobufjs/base64/-/base64-1.1.2.tgz#4c85730e59b9a1f1f349047dbf24296034bb2735"
  integrity sha512-AZkcAA5vnN/v4PDqKyMR5lx7hZttPDgClv83E//FMNhR2TMcLUhfRUBHCmSl0oi9zMgDDqRUJkSxO3wm85+XLg==

"@protobufjs/codegen@^2.0.4":
  version "2.0.4"
  resolved "https://registry.yarnpkg.com/@protobufjs/codegen/-/codegen-2.0.4.tgz#7ef37f0d010fb028ad1ad59722e506d9262815cb"
  integrity sha512-YyFaikqM5sH0ziFZCN3xDC7zeGaB/d0IUb9CATugHWbd1FRFwWwt4ld4OYMPWu5a3Xe01mGAULCdqhMlPl29Jg==

"@protobufjs/eventemitter@^1.1.0":
  version "1.1.0"
  resolved "https://registry.yarnpkg.com/@protobufjs/eventemitter/-/eventemitter-1.1.0.tgz#355cbc98bafad5978f9ed095f397621f1d066b70"
  integrity sha1-NVy8mLr61ZePntCV85diHx0Ga3A=

"@protobufjs/fetch@^1.1.0":
  version "1.1.0"
  resolved "https://registry.yarnpkg.com/@protobufjs/fetch/-/fetch-1.1.0.tgz#ba99fb598614af65700c1619ff06d454b0d84c45"
  integrity sha1-upn7WYYUr2VwDBYZ/wbUVLDYTEU=
  dependencies:
    "@protobufjs/aspromise" "^1.1.1"
    "@protobufjs/inquire" "^1.1.0"

"@protobufjs/float@^1.0.2":
  version "1.0.2"
  resolved "https://registry.yarnpkg.com/@protobufjs/float/-/float-1.0.2.tgz#5e9e1abdcb73fc0a7cb8b291df78c8cbd97b87d1"
  integrity sha1-Xp4avctz/Ap8uLKR33jIy9l7h9E=

"@protobufjs/inquire@^1.1.0":
  version "1.1.0"
  resolved "https://registry.yarnpkg.com/@protobufjs/inquire/-/inquire-1.1.0.tgz#ff200e3e7cf2429e2dcafc1140828e8cc638f089"
  integrity sha1-/yAOPnzyQp4tyvwRQIKOjMY48Ik=

"@protobufjs/path@^1.1.2":
  version "1.1.2"
  resolved "https://registry.yarnpkg.com/@protobufjs/path/-/path-1.1.2.tgz#6cc2b20c5c9ad6ad0dccfd21ca7673d8d7fbf68d"
  integrity sha1-bMKyDFya1q0NzP0hynZz2Nf79o0=

"@protobufjs/pool@^1.1.0":
  version "1.1.0"
  resolved "https://registry.yarnpkg.com/@protobufjs/pool/-/pool-1.1.0.tgz#09fd15f2d6d3abfa9b65bc366506d6ad7846ff54"
  integrity sha1-Cf0V8tbTq/qbZbw2ZQbWrXhG/1Q=

"@protobufjs/utf8@^1.1.0":
  version "1.1.0"
  resolved "https://registry.yarnpkg.com/@protobufjs/utf8/-/utf8-1.1.0.tgz#a777360b5b39a1a2e5106f8e858f2fd2d060c570"
  integrity sha1-p3c2C1s5oaLlEG+OhY8v0tBgxXA=

"@types/long@^4.0.1":
  version "4.0.1"
  resolved "https://registry.yarnpkg.com/@types/long/-/long-4.0.1.tgz#459c65fa1867dafe6a8f322c4c51695663cc55e9"
  integrity sha512-5tXH6Bx/kNGd3MgffdmP4dy2Z+G4eaXw0SE81Tq3BNadtnMR5/ySMzX4SLEzHJzSmPNn4HIdpQsBvXMUykr58w==

"@types/node@^13.7.0":
  version "13.13.12"
  resolved "https://registry.yarnpkg.com/@types/node/-/node-13.13.12.tgz#9c72e865380a7dc99999ea0ef20fc9635b503d20"
  integrity sha512-zWz/8NEPxoXNT9YyF2osqyA9WjssZukYpgI4UYZpOjcyqwIUqWGkcCionaEb9Ki+FULyPyvNFpg/329Kd2/pbw==

google-proto-files@^2.1.0:
  version "2.1.0"
  resolved "https://registry.yarnpkg.com/google-proto-files/-/google-proto-files-2.1.0.tgz#c3b0118db1c613801e607ca82d561df0693ba172"
  integrity sha512-pIzj6wsw82FU5n8Kv6Dcmx4EpATn8DEdDHD5GpVQ1kzSmU2X8Gt0gQNsYyKBwQQaeTIws9bcIQ+Kv8YQBQK2Gw==
  dependencies:
    protobufjs "^6.8.0"
    walkdir "^0.4.0"

long@^4.0.0:
  version "4.0.0"
  resolved "https://registry.yarnpkg.com/long/-/long-4.0.0.tgz#9a7b71cfb7d361a194ea555241c92f7468d5bf28"
  integrity sha512-XsP+KhQif4bjX1kbuSiySJFNAehNxgLb6hPRGJ9QsUr8ajHkuXGdrHmFUTUUXhDwVX2R5bY4JNZEwbUiMhV+MA==

nats@^1.4.9:
  version "1.4.9"
  resolved "https://registry.yarnpkg.com/nats/-/nats-1.4.9.tgz#ad86a920bd44110193edc25068c8e91a358f7a81"
  integrity sha512-D0qTg2v0jir32TCJfGkxRwOba4/9vqJJmr4GtghR/J9AF6E0y1BdCeXxnD2G+hruSPnKUbF0NzaQVPbSg5fdOg==
  dependencies:
    nuid "^1.1.4"
    ts-nkeys "^1.0.16"

nuid@^1.1.4:
  version "1.1.4"
  resolved "https://registry.yarnpkg.com/nuid/-/nuid-1.1.4.tgz#6145710b6cc9ef0df7b94af09c6d750925939097"
  integrity sha512-PXiYyHhGfrq8H4g5HyC8enO1lz6SBe5z6x1yx/JG4tmADzDGJVQy3l1sRf3VtEvPsN8dGn9hRFRwDKWL62x0BA==

protobufjs@^6.8.0:
  version "6.9.0"
  resolved "https://registry.yarnpkg.com/protobufjs/-/protobufjs-6.9.0.tgz#c08b2bf636682598e6fabbf0edb0b1256ff090bd"
  integrity sha512-LlGVfEWDXoI/STstRDdZZKb/qusoAWUnmLg9R8OLSO473mBLWHowx8clbX5/+mKDEI+v7GzjoK9tRPZMMcoTrg==
  dependencies:
    "@protobufjs/aspromise" "^1.1.2"
    "@protobufjs/base64" "^1.1.2"
    "@protobufjs/codegen" "^2.0.4"
    "@protobufjs/eventemitter" "^1.1.0"
    "@protobufjs/fetch" "^1.1.0"
    "@protobufjs/float" "^1.0.2"
    "@protobufjs/inquire" "^1.1.0"
    "@protobufjs/path" "^1.1.2"
    "@protobufjs/pool" "^1.1.0"
    "@protobufjs/utf8" "^1.1.0"
    "@types/long" "^4.0.1"
    "@types/node" "^13.7.0"
    long "^4.0.0"

ts-nkeys@^1.0.16:
  version "1.0.16"
  resolved "https://registry.yarnpkg.com/ts-nkeys/-/ts-nkeys-1.0.16.tgz#b0c6e7c4f16f976c7e7ddb6982fc789a2f971248"
  integrity sha512-1qrhAlavbm36wtW+7NtKOgxpzl+70NTF8xlz9mEhiA5zHMlMxjj3sEVKWm3pGZhHXE0Q3ykjrj+OSRVaYw+Dqg==
  dependencies:
    tweetnacl "^1.0.3"

tweetnacl@^1.0.3:
  version "1.0.3"
  resolved "https://registry.yarnpkg.com/tweetnacl/-/tweetnacl-1.0.3.tgz#ac0af71680458d8a6378d0d0d050ab1407d35596"
  integrity sha512-6rt+RN7aOi1nGMyC4Xa5DdYiukl2UWCbcJft7YhxReBGQD7OAM8Pbxw6YMo4r2diNEA8FEmu32YOn9rhaiE5yw==

walkdir@^0.4.0:
  version "0.4.1"
  resolved "https://registry.yarnpkg.com/walkdir/-/walkdir-0.4.1.tgz#dc119f83f4421df52e3061e514228a2db20afa39"
  integrity sha512-3eBwRyEln6E1MSzcxcVpQIhRG8Q1jLvEqRmCZqS3dsfXEDR/AhOF4d+jHg1qvDCpYaVRZjENPQyrVxAkQqxPgQ==

ws@^7.3.0:
  version "7.3.0"
  resolved "https://registry.yarnpkg.com/ws/-/ws-7.3.0.tgz#4b2f7f219b3d3737bc1a2fbf145d825b94d38ffd"
  integrity sha512-iFtXzngZVXPGgpTlP1rBqsUK82p9tKqsWRPg5L56egiljujJT3vGAYnHANvFxBieXrTFavhzhxW52jnaWV+w2w==
